
Microsoft Visual Studio Solution File, Format Version 12.00
# Visual Studio Version 17
VisualStudioVersion = 17.5.33516.290
MinimumVisualStudioVersion = 10.0.40219.1
Project("{FAE04EC0-301F-11D3-BF4B-00C04F79EFBC}") = "Generics", "Generics\Generics.csproj", "{7E3616A8-ACAA-483D-8B0A-52B1A96665E7}"
EndProject
Global
	GlobalSection(SolutionConfigurationPlatforms) = preSolution
		Debug|Any CPU = Debug|Any CPU
		Release|Any CPU = Release|Any CPU
	EndGlobalSection
	GlobalSection(ProjectConfigurationPlatforms) = postSolution
		{7E3616A8-ACAA-483D-8B0A-52B1A96665E7}.Debug|Any CPU.ActiveCfg = Debug|Any CPU
		{7E3616A8-ACAA-483D-8B0A-52B1A96665E7}.Debug|Any CPU.Build.0 = Debug|Any CPU
		{7E3616A8-ACAA-483D-8B0A-52B1A96665E7}.Release|Any CPU.ActiveCfg = Release|Any CPU
		{7E3616A8-ACAA-483D-8B0A-52B1A96665E7}.Release|Any CPU.Build.0 = Release|Any CPU
	EndGlobalSection
	GlobalSection(SolutionProperties) = preSolution
		HideSolutionNode = FALSE
	EndGlobalSection
	GlobalSection(ExtensibilityGlobals) = postSolution
		SolutionGuid = {F905E63D-6CA3-40D7-939A-1A581EC9DD85}
	EndGlobalSection
EndGlobal
